
Microsoft Visual Studio Solution File, Format Version 12.00
# Visual Studio Version 17
VisualStudioVersion = 17.0.31903.59
MinimumVisualStudioVersion = 10.0.40219.1
Project("{2150E333-8FDC-42A3-9474-1A3956D46DE8}") = "src", "src", "{827E0CD3-B72D-47B6-A68D-7590B98EB39B}"
EndProject
Project("{2150E333-8FDC-42A3-9474-1A3956D46DE8}") = "SampleProject", "SampleProject", "{4E9E3A9A-0DA5-108B-C7B2-04CD60D71ED1}"
EndProject
Project("{FAE04EC0-301F-11D3-BF4B-00C04F79EFBC}") = "Sample", "src\SampleProject\Sample.csproj", "{D8BE228A-41A2-F2AB-475E-830F88247831}"
EndProject
Global
	GlobalSection(SolutionConfigurationPlatforms) = preSolution
		Debug|Any CPU = Debug|Any CPU
		Release|Any CPU = Release|Any CPU
	EndGlobalSection
	GlobalSection(ProjectConfigurationPlatforms) = postSolution
		{D8BE228A-41A2-F2AB-475E-830F88247831}.Debug|Any CPU.ActiveCfg = Debug|Any CPU
		{D8BE228A-41A2-F2AB-475E-830F88247831}.Debug|Any CPU.Build.0 = Debug|Any CPU
		{D8BE228A-41A2-F2AB-475E-830F88247831}.Release|Any CPU.ActiveCfg = Release|Any CPU
		{D8BE228A-41A2-F2AB-475E-830F88247831}.Release|Any CPU.Build.0 = Release|Any CPU
	EndGlobalSection
	GlobalSection(SolutionProperties) = preSolution
		HideSolutionNode = FALSE
	EndGlobalSection
	GlobalSection(NestedProjects) = preSolution
		{4E9E3A9A-0DA5-108B-C7B2-04CD60D71ED1} = {827E0CD3-B72D-47B6-A68D-7590B98EB39B}
		{D8BE228A-41A2-F2AB-475E-830F88247831} = {4E9E3A9A-0DA5-108B-C7B2-04CD60D71ED1}
	EndGlobalSection
	GlobalSection(ExtensibilityGlobals) = postSolution
		SolutionGuid = {32C5A52B-A0D6-49C4-A3E6-FF08C7239244}
	EndGlobalSection
EndGlobal
